
Microsoft Visual Studio Solution File, Format Version 12.00
# Visual Studio Version 16
VisualStudioVersion = 16.0.29201.188
MinimumVisualStudioVersion = 10.0.40219.1
Project("{FAE04EC0-301F-11D3-BF4B-00C04F79EFBC}") = "RandomPassword", "RandomPassword\RandomPassword.csproj", "{F5394B12-F814-4BBE-BD4B-CA33E0C33B49}"
EndProject
Global
	GlobalSection(SolutionConfigurationPlatforms) = preSolution
		Debug|Any CPU = Debug|Any CPU
		Release|Any CPU = Release|Any CPU
	EndGlobalSection
	GlobalSection(ProjectConfigurationPlatforms) = postSolution
		{F5394B12-F814-4BBE-BD4B-CA33E0C33B49}.Debug|Any CPU.ActiveCfg = Debug|Any CPU
		{F5394B12-F814-4BBE-BD4B-CA33E0C33B49}.Debug|Any CPU.Build.0 = Debug|Any CPU
		{F5394B12-F814-4BBE-BD4B-CA33E0C33B49}.Release|Any CPU.ActiveCfg = Release|Any CPU
		{F5394B12-F814-4BBE-BD4B-CA33E0C33B49}.Release|Any CPU.Build.0 = Release|Any CPU
	EndGlobalSection
	GlobalSection(SolutionProperties) = preSolution
		HideSolutionNode = FALSE
	EndGlobalSection
	GlobalSection(ExtensibilityGlobals) = postSolution
		SolutionGuid = {07F48BDD-3B67-4A39-AE5D-B1FFB2BF208B}
	EndGlobalSection
EndGlobal
